
Microsoft Visual Studio Solution File, Format Version 12.00
# Visual Studio Version 17
VisualStudioVersion = 17.7.34031.279
MinimumVisualStudioVersion = 10.0.40219.1
Project("{8BC9CEB8-8B4A-11D0-8D11-00A0C91BC942}") = "7_NewDelete", "7_NewDelete.vcxproj", "{F7ECB031-1CEA-48C7-8241-381D36CC27AB}"
EndProject
Global
	GlobalSection(SolutionConfigurationPlatforms) = preSolution
		Debug|x64 = Debug|x64
		Debug|x86 = Debug|x86
		Release|x64 = Release|x64
		Release|x86 = Release|x86
	EndGlobalSection
	GlobalSection(ProjectConfigurationPlatforms) = postSolution
		{F7ECB031-1CEA-48C7-8241-381D36CC27AB}.Debug|x64.ActiveCfg = Debug|x64
		{F7ECB031-1CEA-48C7-8241-381D36CC27AB}.Debug|x64.Build.0 = Debug|x64
		{F7ECB031-1CEA-48C7-8241-381D36CC27AB}.Debug|x86.ActiveCfg = Debug|Win32
		{F7ECB031-1CEA-48C7-8241-381D36CC27AB}.Debug|x86.Build.0 = Debug|Win32
		{F7ECB031-1CEA-48C7-8241-381D36CC27AB}.Release|x64.ActiveCfg = Release|x64
		{F7ECB031-1CEA-48C7-8241-381D36CC27AB}.Release|x64.Build.0 = Release|x64
		{F7ECB031-1CEA-48C7-8241-381D36CC27AB}.Release|x86.ActiveCfg = Release|Win32
		{F7ECB031-1CEA-48C7-8241-381D36CC27AB}.Release|x86.Build.0 = Release|Win32
	EndGlobalSection
	GlobalSection(SolutionProperties) = preSolution
		HideSolutionNode = FALSE
	EndGlobalSection
	GlobalSection(ExtensibilityGlobals) = postSolution
		SolutionGuid = {603D7425-2E0C-4A37-8752-5C7D8D4DDCE7}
	EndGlobalSection
EndGlobal
